// !$*UTF8*$!
{
	archiveVersion = 1;
	classes = {
	};
	objectVersion = 56;
	objects = {

/* Begin PBXBuildFile section */
		A0B6632029312A0B00000509 /* AppDelegate.swift in Sources */ = {isa = PBXBuildFile; fileRef = A0B6631F29312A0B00000509 /* AppDelegate.swift */; };
		A0B6632229312A0B00000509 /* SceneDelegate.swift in Sources */ = {isa = PBXBuildFile; fileRef = A0B6632129312A0B00000509 /* SceneDelegate.swift */; };
		A0B6632429312A0B00000509 /* ViewController.swift in Sources */ = {isa = PBXBuildFile; fileRef = A0B6632329312A0B00000509 /* ViewController.swift */; };
		A0B6632729312A0B00000509 /* Main.storyboard in Resources */ = {isa = PBXBuildFile; fileRef = A0B6632529312A0B00000509 /* Main.storyboard */; };
		A0B6632929312A0C00000509 /* Assets.xcassets in Resources */ = {isa = PBXBuildFile; fileRef = A0B6632829312A0C00000509 /* Assets.xcassets */; };
		A0B6632C29312A0C00000509 /* LaunchScreen.storyboard in Resources */ = {isa = PBXBuildFile; fileRef = A0B6632A29312A0C00000509 /* LaunchScreen.storyboard */; };
		A0B6633429312A7A00000509 /* GoogleAuthenticator.swift in Sources */ = {isa = PBXBuildFile; fileRef = A0B6633329312A7A00000509 /* GoogleAuthenticator.swift */; };
		A0B663362931477C00000509 /* TwitterAuthenticator.swift in Sources */ = {isa = PBXBuildFile; fileRef = A0B663352931477C00000509 /* TwitterAuthenticator.swift */; };
		A0B663392931486300000509 /* AuthentificationService.swift in Sources */ = {isa = PBXBuildFile; fileRef = A0B663382931486300000509 /* AuthentificationService.swift */; };
		A0B6633D29314AF100000509 /* GoogleAdapter.swift in Sources */ = {isa = PBXBuildFile; fileRef = A0B6633C29314AF100000509 /* GoogleAdapter.swift */; };
		A0B6633F29314EB600000509 /* TwitterAdapter.swift in Sources */ = {isa = PBXBuildFile; fileRef = A0B6633E29314EB600000509 /* TwitterAdapter.swift */; };
/* End PBXBuildFile section */

/* Begin PBXFileReference section */
		A0B6631C29312A0B00000509 /* Adapter.app */ = {isa = PBXFileReference; explicitFileType = wrapper.application; includeInIndex = 0; path = Adapter.app; sourceTree = BUILT_PRODUCTS_DIR; };
		A0B6631F29312A0B00000509 /* AppDelegate.swift */ = {isa = PBXFileReference; lastKnownFileType = sourcecode.swift; path = AppDelegate.swift; sourceTree = "<group>"; };
		A0B6632129312A0B00000509 /* SceneDelegate.swift */ = {isa = PBXFileReference; lastKnownFileType = sourcecode.swift; path = SceneDelegate.swift; sourceTree = "<group>"; };
		A0B6632329312A0B00000509 /* ViewController.swift */ = {isa = PBXFileReference; lastKnownFileType = sourcecode.swift; path = ViewController.swift; sourceTree = "<group>"; };
		A0B6632629312A0B00000509 /* Base */ = {isa = PBXFileReference; lastKnownFileType = file.storyboard; name = Base; path = Base.lproj/Main.storyboard; sourceTree = "<group>"; };
		A0B6632829312A0C00000509 /* Assets.xcassets */ = {isa = PBXFileReference; lastKnownFileType = folder.assetcatalog; path = Assets.xcassets; sourceTree = "<group>"; };
		A0B6632B29312A0C00000509 /* Base */ = {isa = PBXFileReference; lastKnownFileType = file.storyboard; name = Base; path = Base.lproj/LaunchScreen.storyboard; sourceTree = "<group>"; };
		A0B6632D29312A0C00000509 /* Info.plist */ = {isa = PBXFileReference; lastKnownFileType = text.plist.xml; path = Info.plist; sourceTree = "<group>"; };
		A0B6633329312A7A00000509 /* GoogleAuthenticator.swift */ = {isa = PBXFileReference; lastKnownFileType = sourcecode.swift; path = GoogleAuthenticator.swift; sourceTree = "<group>"; };
		A0B663352931477C00000509 /* TwitterAuthenticator.swift */ = {isa = PBXFileReference; lastKnownFileType = sourcecode.swift; path = TwitterAuthenticator.swift; sourceTree = "<group>"; };
		A0B663382931486300000509 /* AuthentificationService.swift */ = {isa = PBXFileReference; lastKnownFileType = sourcecode.swift; path = AuthentificationService.swift; sourceTree = "<group>"; };
		A0B6633C29314AF100000509 /* GoogleAdapter.swift */ = {isa = PBXFileReference; lastKnownFileType = sourcecode.swift; path = GoogleAdapter.swift; sourceTree = "<group>"; };
		A0B6633E29314EB600000509 /* TwitterAdapter.swift */ = {isa = PBXFileReference; lastKnownFileType = sourcecode.swift; path = TwitterAdapter.swift; sourceTree = "<group>"; };
/* End PBXFileReference section */

/* Begin PBXFrameworksBuildPhase section */
		A0B6631929312A0B00000509 /* Frameworks */ = {
			isa = PBXFrameworksBuildPhase;
			buildActionMask = 2147483647;
			files = (
			);
			runOnlyForDeploymentPostprocessing = 0;
		};
/* End PBXFrameworksBuildPhase section */

/* Begin PBXGroup section */
		A0B6631329312A0B00000509 = {
			isa = PBXGroup;
			children = (
				A0B6631E29312A0B00000509 /* Adapter */,
				A0B6631D29312A0B00000509 /* Products */,
			);
			sourceTree = "<group>";
		};
		A0B6631D29312A0B00000509 /* Products */ = {
			isa = PBXGroup;
			children = (
				A0B6631C29312A0B00000509 /* Adapter.app */,
			);
			name = Products;
			sourceTree = "<group>";
		};
		A0B6631E29312A0B00000509 /* Adapter */ = {
			isa = PBXGroup;
			children = (
				A0B6631F29312A0B00000509 /* AppDelegate.swift */,
				A0B6632329312A0B00000509 /* ViewController.swift */,
				A0B6633A29314A7A00000509 /* Adapter */,
				A0B663372931481700000509 /* Auth */,
				A0B6633B29314A9200000509 /* Tules */,
			);
			path = Adapter;
			sourceTree = "<group>";
		};
		A0B663372931481700000509 /* Auth */ = {
			isa = PBXGroup;
			children = (
				A0B663382931486300000509 /* AuthentificationService.swift */,
				A0B6633329312A7A00000509 /* GoogleAuthenticator.swift */,
				A0B663352931477C00000509 /* TwitterAuthenticator.swift */,
			);
			path = Auth;
			sourceTree = "<group>";
		};
		A0B6633A29314A7A00000509 /* Adapter */ = {
			isa = PBXGroup;
			children = (
				A0B6633C29314AF100000509 /* GoogleAdapter.swift */,
				A0B6633E29314EB600000509 /* TwitterAdapter.swift */,
			);
			path = Adapter;
			sourceTree = "<group>";
		};
		A0B6633B29314A9200000509 /* Tules */ = {
			isa = PBXGroup;
			children = (
				A0B6632129312A0B00000509 /* SceneDelegate.swift */,
				A0B6632529312A0B00000509 /* Main.storyboard */,
				A0B6632829312A0C00000509 /* Assets.xcassets */,
				A0B6632A29312A0C00000509 /* LaunchScreen.storyboard */,
				A0B6632D29312A0C00000509 /* Info.plist */,
			);
			name = Tules;
			sourceTree = "<group>";
		};
/* End PBXGroup section */

/* Begin PBXNativeTarget section */
		A0B6631B29312A0B00000509 /* Adapter */ = {
			isa = PBXNativeTarget;
			buildConfigurationList = A0B6633029312A0C00000509 /* Build configuration list for PBXNativeTarget "Adapter" */;
			buildPhases = (
				A0B6631829312A0B00000509 /* Sources */,
				A0B6631929312A0B00000509 /* Frameworks */,
				A0B6631A29312A0B00000509 /* Resources */,
			);
			buildRules = (
			);
			dependencies = (
			);
			name = Adapter;
			productName = Adapter;
			productReference = A0B6631C29312A0B00000509 /* Adapter.app */;
			productType = "com.apple.product-type.application";
		};
/* End PBXNativeTarget section */

/* Begin PBXProject section */
		A0B6631429312A0B00000509 /* Project object */ = {
			isa = PBXProject;
			attributes = {
				BuildIndependentTargetsInParallel = 1;
				LastSwiftUpdateCheck = 1410;
				LastUpgradeCheck = 1410;
				TargetAttributes = {
					A0B6631B29312A0B00000509 = {
						CreatedOnToolsVersion = 14.1;
					};
				};
			};
			buildConfigurationList = A0B6631729312A0B00000509 /* Build configuration list for PBXProject "Adapter" */;
			compatibilityVersion = "Xcode 14.0";
			developmentRegion = en;
			hasScannedForEncodings = 0;
			knownRegions = (
				en,
				Base,
			);
			mainGroup = A0B6631329312A0B00000509;
			productRefGroup = A0B6631D29312A0B00000509 /* Products */;
			projectDirPath = "";
			projectRoot = "";
			targets = (
				A0B6631B29312A0B00000509 /* Adapter */,
			);
		};
/* End PBXProject section */

/* Begin PBXResourcesBuildPhase section */
		A0B6631A29312A0B00000509 /* Resources */ = {
			isa = PBXResourcesBuildPhase;
			buildActionMask = 2147483647;
			files = (
				A0B6632C29312A0C00000509 /* LaunchScreen.storyboard in Resources */,
				A0B6632929312A0C00000509 /* Assets.xcassets in Resources */,
				A0B6632729312A0B00000509 /* Main.storyboard in Resources */,
			);
			runOnlyForDeploymentPostprocessing = 0;
		};
/* End PBXResourcesBuildPhase section */

/* Begin PBXSourcesBuildPhase section */
		A0B6631829312A0B00000509 /* Sources */ = {
			isa = PBXSourcesBuildPhase;
			buildActionMask = 2147483647;
			files = (
				A0B6633429312A7A00000509 /* GoogleAuthenticator.swift in Sources */,
				A0B6632429312A0B00000509 /* ViewController.swift in Sources */,
				A0B6633D29314AF100000509 /* GoogleAdapter.swift in Sources */,
				A0B6633F29314EB600000509 /* TwitterAdapter.swift in Sources */,
				A0B663392931486300000509 /* AuthentificationService.swift in Sources */,
				A0B663362931477C00000509 /* TwitterAuthenticator.swift in Sources */,
				A0B6632029312A0B00000509 /* AppDelegate.swift in Sources */,
				A0B6632229312A0B00000509 /* SceneDelegate.swift in Sources */,
			);
			runOnlyForDeploymentPostprocessing = 0;
		};
/* End PBXSourcesBuildPhase section */

/* Begin PBXVariantGroup section */
		A0B6632529312A0B00000509 /* Main.storyboard */ = {
			isa = PBXVariantGroup;
			children = (
				A0B6632629312A0B00000509 /* Base */,
			);
			name = Main.storyboard;
			sourceTree = "<group>";
		};
		A0B6632A29312A0C00000509 /* LaunchScreen.storyboard */ = {
			isa = PBXVariantGroup;
			children = (
				A0B6632B29312A0C00000509 /* Base */,
			);
			name = LaunchScreen.storyboard;
			sourceTree = "<group>";
		};
/* End PBXVariantGroup section */

/* Begin XCBuildConfiguration section */
		A0B6632E29312A0C00000509 /* Debug */ = {
			isa = XCBuildConfiguration;
			buildSettings = {
				ALWAYS_SEARCH_USER_PATHS = NO;
				CLANG_ANALYZER_NONNULL = YES;
				CLANG_ANALYZER_NUMBER_OBJECT_CONVERSION = YES_AGGRESSIVE;
				CLANG_CXX_LANGUAGE_STANDARD = "gnu++20";
				CLANG_ENABLE_MODULES = YES;
				CLANG_ENABLE_OBJC_ARC = YES;
				CLANG_ENABLE_OBJC_WEAK = YES;
				CLANG_WARN_BLOCK_CAPTURE_AUTORELEASING = YES;
				CLANG_WARN_BOOL_CONVERSION = YES;
				CLANG_WARN_COMMA = YES;
				CLANG_WARN_CONSTANT_CONVERSION = YES;
				CLANG_WARN_DEPRECATED_OBJC_IMPLEMENTATIONS = YES;
				CLANG_WARN_DIRECT_OBJC_ISA_USAGE = YES_ERROR;
				CLANG_WARN_DOCUMENTATION_COMMENTS = YES;
				CLANG_WARN_EMPTY_BODY = YES;
				CLANG_WARN_ENUM_CONVERSION = YES;
				CLANG_WARN_INFINITE_RECURSION = YES;
				CLANG_WARN_INT_CONVERSION = YES;
				CLANG_WARN_NON_LITERAL_NULL_CONVERSION = YES;
				CLANG_WARN_OBJC_IMPLICIT_RETAIN_SELF = YES;
				CLANG_WARN_OBJC_LITERAL_CONVERSION = YES;
				CLANG_WARN_OBJC_ROOT_CLASS = YES_ERROR;
				CLANG_WARN_QUOTED_INCLUDE_IN_FRAMEWORK_HEADER = YES;
				CLANG_WARN_RANGE_LOOP_ANALYSIS = YES;
				CLANG_WARN_STRICT_PROTOTYPES = YES;
				CLANG_WARN_SUSPICIOUS_MOVE = YES;
				CLANG_WARN_UNGUARDED_AVAILABILITY = YES_AGGRESSIVE;
				CLANG_WARN_UNREACHABLE_CODE = YES;
				CLANG_WARN__DUPLICATE_METHOD_MATCH = YES;
				COPY_PHASE_STRIP = NO;
				DEBUG_INFORMATION_FORMAT = dwarf;
				ENABLE_STRICT_OBJC_MSGSEND = YES;
				ENABLE_TESTABILITY = YES;
				GCC_C_LANGUAGE_STANDARD = gnu11;
				GCC_DYNAMIC_NO_PIC = NO;
				GCC_NO_COMMON_BLOCKS = YES;
				GCC_OPTIMIZATION_LEVEL = 0;
				GCC_PREPROCESSOR_DEFINITIONS = (
					"DEBUG=1",
					"$(inherited)",
				);
				GCC_WARN_64_TO_32_BIT_CONVERSION = YES;
				GCC_WARN_ABOUT_RETURN_TYPE = YES_ERROR;
				GCC_WARN_UNDECLARED_SELECTOR = YES;
				GCC_WARN_UNINITIALIZED_AUTOS = YES_AGGRESSIVE;
				GCC_WARN_UNUSED_FUNCTION = YES;
				GCC_WARN_UNUSED_VARIABLE = YES;
				IPHONEOS_DEPLOYMENT_TARGET = 16.1;
				MTL_ENABLE_DEBUG_INFO = INCLUDE_SOURCE;
				MTL_FAST_MATH = YES;
				ONLY_ACTIVE_ARCH = YES;
				SDKROOT = iphoneos;
				SWIFT_ACTIVE_COMPILATION_CONDITIONS = DEBUG;
				SWIFT_OPTIMIZATION_LEVEL = "-Onone";
			};
			name = Debug;
		};
		A0B6632F29312A0C00000509 /* Release */ = {
			isa = XCBuildConfiguration;
			buildSettings = {
				ALWAYS_SEARCH_USER_PATHS = NO;
				CLANG_ANALYZER_NONNULL = YES;
				CLANG_ANALYZER_NUMBER_OBJECT_CONVERSION = YES_AGGRESSIVE;
				CLANG_CXX_LANGUAGE_STANDARD = "gnu++20";
				CLANG_ENABLE_MODULES = YES;
				CLANG_ENABLE_OBJC_ARC = YES;
				CLANG_ENABLE_OBJC_WEAK = YES;
				CLANG_WARN_BLOCK_CAPTURE_AUTORELEASING = YES;
				CLANG_WARN_BOOL_CONVERSION = YES;
				CLANG_WARN_COMMA = YES;
				CLANG_WARN_CONSTANT_CONVERSION = YES;
				CLANG_WARN_DEPRECATED_OBJC_IMPLEMENTATIONS = YES;
				CLANG_WARN_DIRECT_OBJC_ISA_USAGE = YES_ERROR;
				CLANG_WARN_DOCUMENTATION_COMMENTS = YES;
				CLANG_WARN_EMPTY_BODY = YES;
				CLANG_WARN_ENUM_CONVERSION = YES;
				CLANG_WARN_INFINITE_RECURSION = YES;
				CLANG_WARN_INT_CONVERSION = YES;
				CLANG_WARN_NON_LITERAL_NULL_CONVERSION = YES;
				CLANG_WARN_OBJC_IMPLICIT_RETAIN_SELF = YES;
				CLANG_WARN_OBJC_LITERAL_CONVERSION = YES;
				CLANG_WARN_OBJC_ROOT_CLASS = YES_ERROR;
				CLANG_WARN_QUOTED_INCLUDE_IN_FRAMEWORK_HEADER = YES;
				CLANG_WARN_RANGE_LOOP_ANALYSIS = YES;
				CLANG_WARN_STRICT_PROTOTYPES = YES;
				CLANG_WARN_SUSPICIOUS_MOVE = YES;
				CLANG_WARN_UNGUARDED_AVAILABILITY = YES_AGGRESSIVE;
				CLANG_WARN_UNREACHABLE_CODE = YES;
				CLANG_WARN__DUPLICATE_METHOD_MATCH = YES;
				COPY_PHASE_STRIP = NO;
				DEBUG_INFORMATION_FORMAT = "dwarf-with-dsym";
				ENABLE_NS_ASSERTIONS = NO;
				ENABLE_STRICT_OBJC_MSGSEND = YES;
				GCC_C_LANGUAGE_STANDARD = gnu11;
				GCC_NO_COMMON_BLOCKS = YES;
				GCC_WARN_64_TO_32_BIT_CONVERSION = YES;
				GCC_WARN_ABOUT_RETURN_TYPE = YES_ERROR;
				GCC_WARN_UNDECLARED_SELECTOR = YES;
				GCC_WARN_UNINITIALIZED_AUTOS = YES_AGGRESSIVE;
				GCC_WARN_UNUSED_FUNCTION = YES;
				GCC_WARN_UNUSED_VARIABLE = YES;
				IPHONEOS_DEPLOYMENT_TARGET = 16.1;
				MTL_ENABLE_DEBUG_INFO = NO;
				MTL_FAST_MATH = YES;
				SDKROOT = iphoneos;
				SWIFT_COMPILATION_MODE = wholemodule;
				SWIFT_OPTIMIZATION_LEVEL = "-O";
				VALIDATE_PRODUCT = YES;
			};
			name = Release;
		};
		A0B6633129312A0C00000509 /* Debug */ = {
			isa = XCBuildConfiguration;
			buildSettings = {
				ASSETCATALOG_COMPILER_APPICON_NAME = AppIcon;
				ASSETCATALOG_COMPILER_GLOBAL_ACCENT_COLOR_NAME = AccentColor;
				CODE_SIGN_STYLE = Automatic;
				CURRENT_PROJECT_VERSION = 1;
				DEVELOPMENT_TEAM = QYGMJ959XP;
				GENERATE_INFOPLIST_FILE = YES;
				INFOPLIST_FILE = Adapter/Info.plist;
				INFOPLIST_KEY_UIApplicationSupportsIndirectInputEvents = YES;
				INFOPLIST_KEY_UILaunchStoryboardName = LaunchScreen;
				INFOPLIST_KEY_UIMainStoryboardFile = Main;
				INFOPLIST_KEY_UISupportedInterfaceOrientations_iPad = "UIInterfaceOrientationPortrait UIInterfaceOrientationPortraitUpsideDown UIInterfaceOrientationLandscapeLeft UIInterfaceOrientationLandscapeRight";
				INFOPLIST_KEY_UISupportedInterfaceOrientations_iPhone = "UIInterfaceOrientationPortrait UIInterfaceOrientationLandscapeLeft UIInterfaceOrientationLandscapeRight";
				LD_RUNPATH_SEARCH_PATHS = (
					"$(inherited)",
					"@executable_path/Frameworks",
				);
				MARKETING_VERSION = 1.0;
				PRODUCT_BUNDLE_IDENTIFIER = sihtmark.Adapter;
				PRODUCT_NAME = "$(TARGET_NAME)";
				SWIFT_EMIT_LOC_STRINGS = YES;
				SWIFT_VERSION = 5.0;
				TARGETED_DEVICE_FAMILY = "1,2";
			};
			name = Debug;
		};
		A0B6633229312A0C00000509 /* Release */ = {
			isa = XCBuildConfiguration;
			buildSettings = {
				ASSETCATALOG_COMPILER_APPICON_NAME = AppIcon;
				ASSETCATALOG_COMPILER_GLOBAL_ACCENT_COLOR_NAME = AccentColor;
				CODE_SIGN_STYLE = Automatic;
				CURRENT_PROJECT_VERSION = 1;
				DEVELOPMENT_TEAM = QYGMJ959XP;
				GENERATE_INFOPLIST_FILE = YES;
				INFOPLIST_FILE = Adapter/Info.plist;
				INFOPLIST_KEY_UIApplicationSupportsIndirectInputEvents = YES;
				INFOPLIST_KEY_UILaunchStoryboardName = LaunchScreen;
				INFOPLIST_KEY_UIMainStoryboardFile = Main;
				INFOPLIST_KEY_UISupportedInterfaceOrientations_iPad = "UIInterfaceOrientationPortrait UIInterfaceOrientationPortraitUpsideDown UIInterfaceOrientationLandscapeLeft UIInterfaceOrientationLandscapeRight";
				INFOPLIST_KEY_UISupportedInterfaceOrientations_iPhone = "UIInterfaceOrientationPortrait UIInterfaceOrientationLandscapeLeft UIInterfaceOrientationLandscapeRight";
				LD_RUNPATH_SEARCH_PATHS = (
					"$(inherited)",
					"@executable_path/Frameworks",
				);
				MARKETING_VERSION = 1.0;
				PRODUCT_BUNDLE_IDENTIFIER = sihtmark.Adapter;
				PRODUCT_NAME = "$(TARGET_NAME)";
				SWIFT_EMIT_LOC_STRINGS = YES;
				SWIFT_VERSION = 5.0;
				TARGETED_DEVICE_FAMILY = "1,2";
			};
			name = Release;
		};
/* End XCBuildConfiguration section */

/* Begin XCConfigurationList section */
		A0B6631729312A0B00000509 /* Build configuration list for PBXProject "Adapter" */ = {
			isa = XCConfigurationList;
			buildConfigurations = (
				A0B6632E29312A0C00000509 /* Debug */,
				A0B6632F29312A0C00000509 /* Release */,
			);
			defaultConfigurationIsVisible = 0;
			defaultConfigurationName = Release;
		};
		A0B6633029312A0C00000509 /* Build configuration list for PBXNativeTarget "Adapter" */ = {
			isa = XCConfigurationList;
			buildConfigurations = (
				A0B6633129312A0C00000509 /* Debug */,
				A0B6633229312A0C00000509 /* Release */,
			);
			defaultConfigurationIsVisible = 0;
			defaultConfigurationName = Release;
		};
/* End XCConfigurationList section */
	};
	rootObject = A0B6631429312A0B00000509 /* Project object */;
}
